
Microsoft Visual Studio Solution File, Format Version 12.00
# Visual Studio Version 17
VisualStudioVersion = 17.11.35222.181
MinimumVisualStudioVersion = 10.0.40219.1
Project("{2150E333-8FDC-42A3-9474-1A3956D46DE8}") = "ApiGateway", "ApiGateway", "{29281722-9AC1-4495-9498-BE94D180D98B}"
EndProject
Project("{2150E333-8FDC-42A3-9474-1A3956D46DE8}") = "Services", "Services", "{9888B45F-559E-408E-9939-065701EBD572}"
EndProject
Project("{9A19103F-16F7-4668-BE54-9A1E7A4F7556}") = "OrderService", "OrderService\OrderService.csproj", "{63BFBF9F-1B67-4F4C-A635-9DDD72A14535}"
EndProject
Project("{E53339B2-1760-4266-BCC7-CA923CBCF16C}") = "docker-compose", "docker-compose.dcproj", "{194FCE00-8E13-463D-BC69-F7335F56A24B}"
EndProject
Project("{9A19103F-16F7-4668-BE54-9A1E7A4F7556}") = "CatalogService", "CatalogService\CatalogService.csproj", "{7D55A114-E96A-475B-9AF9-2A5AA07D4398}"
EndProject
Project("{FAE04EC0-301F-11D3-BF4B-00C04F79EFBC}") = "Gateway", "Gateway\Gateway.csproj", "{52E9980B-49E6-42B5-83DC-842FF713B89D}"
EndProject
Global
	GlobalSection(SolutionConfigurationPlatforms) = preSolution
		Debug|Any CPU = Debug|Any CPU
		Release|Any CPU = Release|Any CPU
	EndGlobalSection
	GlobalSection(ProjectConfigurationPlatforms) = postSolution
		{63BFBF9F-1B67-4F4C-A635-9DDD72A14535}.Debug|Any CPU.ActiveCfg = Debug|Any CPU
		{63BFBF9F-1B67-4F4C-A635-9DDD72A14535}.Debug|Any CPU.Build.0 = Debug|Any CPU
		{63BFBF9F-1B67-4F4C-A635-9DDD72A14535}.Release|Any CPU.ActiveCfg = Release|Any CPU
		{63BFBF9F-1B67-4F4C-A635-9DDD72A14535}.Release|Any CPU.Build.0 = Release|Any CPU
		{194FCE00-8E13-463D-BC69-F7335F56A24B}.Debug|Any CPU.ActiveCfg = Debug|Any CPU
		{194FCE00-8E13-463D-BC69-F7335F56A24B}.Debug|Any CPU.Build.0 = Debug|Any CPU
		{194FCE00-8E13-463D-BC69-F7335F56A24B}.Release|Any CPU.ActiveCfg = Release|Any CPU
		{194FCE00-8E13-463D-BC69-F7335F56A24B}.Release|Any CPU.Build.0 = Release|Any CPU
		{7D55A114-E96A-475B-9AF9-2A5AA07D4398}.Debug|Any CPU.ActiveCfg = Debug|Any CPU
		{7D55A114-E96A-475B-9AF9-2A5AA07D4398}.Debug|Any CPU.Build.0 = Debug|Any CPU
		{7D55A114-E96A-475B-9AF9-2A5AA07D4398}.Release|Any CPU.ActiveCfg = Release|Any CPU
		{7D55A114-E96A-475B-9AF9-2A5AA07D4398}.Release|Any CPU.Build.0 = Release|Any CPU
		{52E9980B-49E6-42B5-83DC-842FF713B89D}.Debug|Any CPU.ActiveCfg = Debug|Any CPU
		{52E9980B-49E6-42B5-83DC-842FF713B89D}.Debug|Any CPU.Build.0 = Debug|Any CPU
		{52E9980B-49E6-42B5-83DC-842FF713B89D}.Release|Any CPU.ActiveCfg = Release|Any CPU
		{52E9980B-49E6-42B5-83DC-842FF713B89D}.Release|Any CPU.Build.0 = Release|Any CPU
	EndGlobalSection
	GlobalSection(SolutionProperties) = preSolution
		HideSolutionNode = FALSE
	EndGlobalSection
	GlobalSection(NestedProjects) = preSolution
		{63BFBF9F-1B67-4F4C-A635-9DDD72A14535} = {9888B45F-559E-408E-9939-065701EBD572}
		{7D55A114-E96A-475B-9AF9-2A5AA07D4398} = {9888B45F-559E-408E-9939-065701EBD572}
		{52E9980B-49E6-42B5-83DC-842FF713B89D} = {29281722-9AC1-4495-9498-BE94D180D98B}
	EndGlobalSection
	GlobalSection(ExtensibilityGlobals) = postSolution
		SolutionGuid = {3A517D7E-E883-4EC0-9BA1-82DCA2772D7C}
	EndGlobalSection
EndGlobal
